
Microsoft Visual Studio Solution File, Format Version 12.00
# Visual Studio Version 16
VisualStudioVersion = 16.0.34729.46
MinimumVisualStudioVersion = 10.0.40219.1
Project("{FAE04EC0-301F-11D3-BF4B-00C04F79EFBC}") = "Txt2Ac", "Autocadplugin\Txt2Ac.csproj", "{B96B3EEA-26B1-4ED9-B971-88DD999CA42E}"
EndProject
Global
	GlobalSection(SolutionConfigurationPlatforms) = preSolution
		Debug|Any CPU = Debug|Any CPU
		Release|Any CPU = Release|Any CPU
	EndGlobalSection
	GlobalSection(ProjectConfigurationPlatforms) = postSolution
		{B96B3EEA-26B1-4ED9-B971-88DD999CA42E}.Debug|Any CPU.ActiveCfg = Debug|Any CPU
		{B96B3EEA-26B1-4ED9-B971-88DD999CA42E}.Debug|Any CPU.Build.0 = Debug|Any CPU
		{B96B3EEA-26B1-4ED9-B971-88DD999CA42E}.Release|Any CPU.ActiveCfg = Release|Any CPU
		{B96B3EEA-26B1-4ED9-B971-88DD999CA42E}.Release|Any CPU.Build.0 = Release|Any CPU
	EndGlobalSection
	GlobalSection(SolutionProperties) = preSolution
		HideSolutionNode = FALSE
	EndGlobalSection
	GlobalSection(ExtensibilityGlobals) = postSolution
		SolutionGuid = {8C55413F-1D4F-4EAA-98F3-03C000AF0E3A}
	EndGlobalSection
EndGlobal
